
Microsoft Visual Studio Solution File, Format Version 12.00
# Visual Studio Version 17
VisualStudioVersion = 17.9.34622.214
MinimumVisualStudioVersion = 10.0.40219.1
Project("{9A19103F-16F7-4668-BE54-9A1E7A4F7556}") = "CustomYourStyle", "CustomYourStyle\CustomYourStyle.csproj", "{6595A8FC-AC9F-4B21-A6C2-D5D3693407AA}"
EndProject
Global
	GlobalSection(SolutionConfigurationPlatforms) = preSolution
		Debug|Any CPU = Debug|Any CPU
		Release|Any CPU = Release|Any CPU
	EndGlobalSection
	GlobalSection(ProjectConfigurationPlatforms) = postSolution
		{6595A8FC-AC9F-4B21-A6C2-D5D3693407AA}.Debug|Any CPU.ActiveCfg = Debug|Any CPU
		{6595A8FC-AC9F-4B21-A6C2-D5D3693407AA}.Debug|Any CPU.Build.0 = Debug|Any CPU
		{6595A8FC-AC9F-4B21-A6C2-D5D3693407AA}.Release|Any CPU.ActiveCfg = Release|Any CPU
		{6595A8FC-AC9F-4B21-A6C2-D5D3693407AA}.Release|Any CPU.Build.0 = Release|Any CPU
	EndGlobalSection
	GlobalSection(SolutionProperties) = preSolution
		HideSolutionNode = FALSE
	EndGlobalSection
	GlobalSection(ExtensibilityGlobals) = postSolution
		SolutionGuid = {FE502EC3-63E8-443F-928F-643FCD2E2318}
	EndGlobalSection
EndGlobal
